
Microsoft Visual Studio Solution File, Format Version 12.00
# Visual Studio Version 17
VisualStudioVersion = 17.6.33801.468
MinimumVisualStudioVersion = 10.0.40219.1
Project("{FAE04EC0-301F-11D3-BF4B-00C04F79EFBC}") = "FirstCoreApp", "FirstCoreApp\FirstCoreApp.csproj", "{F216C965-AE23-4F04-B46E-E34846CAE4D2}"
EndProject
Global
	GlobalSection(SolutionConfigurationPlatforms) = preSolution
		Debug|Any CPU = Debug|Any CPU
		Release|Any CPU = Release|Any CPU
	EndGlobalSection
	GlobalSection(ProjectConfigurationPlatforms) = postSolution
		{F216C965-AE23-4F04-B46E-E34846CAE4D2}.Debug|Any CPU.ActiveCfg = Debug|Any CPU
		{F216C965-AE23-4F04-B46E-E34846CAE4D2}.Debug|Any CPU.Build.0 = Debug|Any CPU
		{F216C965-AE23-4F04-B46E-E34846CAE4D2}.Release|Any CPU.ActiveCfg = Release|Any CPU
		{F216C965-AE23-4F04-B46E-E34846CAE4D2}.Release|Any CPU.Build.0 = Release|Any CPU
	EndGlobalSection
	GlobalSection(SolutionProperties) = preSolution
		HideSolutionNode = FALSE
	EndGlobalSection
	GlobalSection(ExtensibilityGlobals) = postSolution
		SolutionGuid = {3548E0EC-B824-4F11-A30C-E36291454689}
	EndGlobalSection
EndGlobal
